
Microsoft Visual Studio Solution File, Format Version 12.00
# Visual Studio 15
VisualStudioVersion = 15.0.28010.2016
MinimumVisualStudioVersion = 10.0.40219.1
Project("{FAE04EC0-301F-11D3-BF4B-00C04F79EFBC}") = "ChatClient", "ConsoleApp2\ChatClient.csproj", "{77E81C2E-603D-4201-9984-1329C4ADABA0}"
EndProject
Global
	GlobalSection(SolutionConfigurationPlatforms) = preSolution
		Debug|Any CPU = Debug|Any CPU
		Release|Any CPU = Release|Any CPU
	EndGlobalSection
	GlobalSection(ProjectConfigurationPlatforms) = postSolution
		{77E81C2E-603D-4201-9984-1329C4ADABA0}.Debug|Any CPU.ActiveCfg = Debug|Any CPU
		{77E81C2E-603D-4201-9984-1329C4ADABA0}.Debug|Any CPU.Build.0 = Debug|Any CPU
		{77E81C2E-603D-4201-9984-1329C4ADABA0}.Release|Any CPU.ActiveCfg = Release|Any CPU
		{77E81C2E-603D-4201-9984-1329C4ADABA0}.Release|Any CPU.Build.0 = Release|Any CPU
	EndGlobalSection
	GlobalSection(SolutionProperties) = preSolution
		HideSolutionNode = FALSE
	EndGlobalSection
	GlobalSection(ExtensibilityGlobals) = postSolution
		SolutionGuid = {F3ACC836-E6E0-4CC0-BE57-66A1BFC37434}
	EndGlobalSection
EndGlobal
